
Microsoft Visual Studio Solution File, Format Version 12.00
# Visual Studio 15
VisualStudioVersion = 15.0.27703.2000
MinimumVisualStudioVersion = 10.0.40219.1
Project("{FAE04EC0-301F-11D3-BF4B-00C04F79EFBC}") = "App18.Android", "App18\App18.Android\App18.Android.csproj", "{47E8BE66-9662-4D6A-9723-860CEEF0888B}"
EndProject
Project("{FAE04EC0-301F-11D3-BF4B-00C04F79EFBC}") = "App18.iOS", "App18\App18.iOS\App18.iOS.csproj", "{FEFB9C9E-E750-46D6-A626-00159AEB6574}"
EndProject
Project("{FAE04EC0-301F-11D3-BF4B-00C04F79EFBC}") = "App18.UWP", "App18\App18.UWP\App18.UWP.csproj", "{353BC015-340D-4707-8A4A-FEC97D065571}"
EndProject
Project("{9A19103F-16F7-4668-BE54-9A1E7A4F7556}") = "App18", "App18\App18\App18.csproj", "{23BA7477-D6E9-487C-90BD-174B1D3436EE}"
EndProject
Global
	GlobalSection(SolutionConfigurationPlatforms) = preSolution
		Ad-Hoc|Any CPU = Ad-Hoc|Any CPU
		Ad-Hoc|ARM = Ad-Hoc|ARM
		Ad-Hoc|iPhone = Ad-Hoc|iPhone
		Ad-Hoc|iPhoneSimulator = Ad-Hoc|iPhoneSimulator
		Ad-Hoc|x64 = Ad-Hoc|x64
		Ad-Hoc|x86 = Ad-Hoc|x86
		AppStore|Any CPU = AppStore|Any CPU
		AppStore|ARM = AppStore|ARM
		AppStore|iPhone = AppStore|iPhone
		AppStore|iPhoneSimulator = AppStore|iPhoneSimulator
		AppStore|x64 = AppStore|x64
		AppStore|x86 = AppStore|x86
		Debug|Any CPU = Debug|Any CPU
		Debug|ARM = Debug|ARM
		Debug|iPhone = Debug|iPhone
		Debug|iPhoneSimulator = Debug|iPhoneSimulator
		Debug|x64 = Debug|x64
		Debug|x86 = Debug|x86
		Release|Any CPU = Release|Any CPU
		Release|ARM = Release|ARM
		Release|iPhone = Release|iPhone
		Release|iPhoneSimulator = Release|iPhoneSimulator
		Release|x64 = Release|x64
		Release|x86 = Release|x86
	EndGlobalSection
	GlobalSection(ProjectConfigurationPlatforms) = postSolution
		{47E8BE66-9662-4D6A-9723-860CEEF0888B}.Ad-Hoc|Any CPU.ActiveCfg = Release|Any CPU
		{47E8BE66-9662-4D6A-9723-860CEEF0888B}.Ad-Hoc|Any CPU.Build.0 = Release|Any CPU
		{47E8BE66-9662-4D6A-9723-860CEEF0888B}.Ad-Hoc|Any CPU.Deploy.0 = Release|Any CPU
		{47E8BE66-9662-4D6A-9723-860CEEF0888B}.Ad-Hoc|ARM.ActiveCfg = Release|Any CPU
		{47E8BE66-9662-4D6A-9723-860CEEF0888B}.Ad-Hoc|ARM.Build.0 = Release|Any CPU
		{47E8BE66-9662-4D6A-9723-860CEEF0888B}.Ad-Hoc|ARM.Deploy.0 = Release|Any CPU
		{47E8BE66-9662-4D6A-9723-860CEEF0888B}.Ad-Hoc|iPhone.ActiveCfg = Release|Any CPU
		{47E8BE66-9662-4D6A-9723-860CEEF0888B}.Ad-Hoc|iPhone.Build.0 = Release|Any CPU
		{47E8BE66-9662-4D6A-9723-860CEEF0888B}.Ad-Hoc|iPhone.Deploy.0 = Release|Any CPU
		{47E8BE66-9662-4D6A-9723-860CEEF0888B}.Ad-Hoc|iPhoneSimulator.ActiveCfg = Release|Any CPU
		{47E8BE66-9662-4D6A-9723-860CEEF0888B}.Ad-Hoc|iPhoneSimulator.Build.0 = Release|Any CPU
		{47E8BE66-9662-4D6A-9723-860CEEF0888B}.Ad-Hoc|iPhoneSimulator.Deploy.0 = Release|Any CPU
		{47E8BE66-9662-4D6A-9723-860CEEF0888B}.Ad-Hoc|x64.ActiveCfg = Release|Any CPU
		{47E8BE66-9662-4D6A-9723-860CEEF0888B}.Ad-Hoc|x64.Build.0 = Release|Any CPU
		{47E8BE66-9662-4D6A-9723-860CEEF0888B}.Ad-Hoc|x64.Deploy.0 = Release|Any CPU
		{47E8BE66-9662-4D6A-9723-860CEEF0888B}.Ad-Hoc|x86.ActiveCfg = Release|Any CPU
		{47E8BE66-9662-4D6A-9723-860CEEF0888B}.Ad-Hoc|x86.Build.0 = Release|Any CPU
		{47E8BE66-9662-4D6A-9723-860CEEF0888B}.Ad-Hoc|x86.Deploy.0 = Release|Any CPU
		{47E8BE66-9662-4D6A-9723-860CEEF0888B}.AppStore|Any CPU.ActiveCfg = Release|Any CPU
		{47E8BE66-9662-4D6A-9723-860CEEF0888B}.AppStore|Any CPU.Build.0 = Release|Any CPU
		{47E8BE66-9662-4D6A-9723-860CEEF0888B}.AppStore|Any CPU.Deploy.0 = Release|Any CPU
		{47E8BE66-9662-4D6A-9723-860CEEF0888B}.AppStore|ARM.ActiveCfg = Release|Any CPU
		{47E8BE66-9662-4D6A-9723-860CEEF0888B}.AppStore|ARM.Build.0 = Release|Any CPU
		{47E8BE66-9662-4D6A-9723-860CEEF0888B}.AppStore|ARM.Deploy.0 = Release|Any CPU
		{47E8BE66-9662-4D6A-9723-860CEEF0888B}.AppStore|iPhone.ActiveCfg = Release|Any CPU
		{47E8BE66-9662-4D6A-9723-860CEEF0888B}.AppStore|iPhone.Build.0 = Release|Any CPU
		{47E8BE66-9662-4D6A-9723-860CEEF0888B}.AppStore|iPhone.Deploy.0 = Release|Any CPU
		{47E8BE66-9662-4D6A-9723-860CEEF0888B}.AppStore|iPhoneSimulator.ActiveCfg = Release|Any CPU
		{47E8BE66-9662-4D6A-9723-860CEEF0888B}.AppStore|iPhoneSimulator.Build.0 = Release|Any CPU
		{47E8BE66-9662-4D6A-9723-860CEEF0888B}.AppStore|iPhoneSimulator.Deploy.0 = Release|Any CPU
		{47E8BE66-9662-4D6A-9723-860CEEF0888B}.AppStore|x64.ActiveCfg = Release|Any CPU
		{47E8BE66-9662-4D6A-9723-860CEEF0888B}.AppStore|x64.Build.0 = Release|Any CPU
		{47E8BE66-9662-4D6A-9723-860CEEF0888B}.AppStore|x64.Deploy.0 = Release|Any CPU
		{47E8BE66-9662-4D6A-9723-860CEEF0888B}.AppStore|x86.ActiveCfg = Release|Any CPU
		{47E8BE66-9662-4D6A-9723-860CEEF0888B}.AppStore|x86.Build.0 = Release|Any CPU
		{47E8BE66-9662-4D6A-9723-860CEEF0888B}.AppStore|x86.Deploy.0 = Release|Any CPU
		{47E8BE66-9662-4D6A-9723-860CEEF0888B}.Debug|Any CPU.ActiveCfg = Debug|Any CPU
		{47E8BE66-9662-4D6A-9723-860CEEF0888B}.Debug|Any CPU.Build.0 = Debug|Any CPU
		{47E8BE66-9662-4D6A-9723-860CEEF0888B}.Debug|Any CPU.Deploy.0 = Debug|Any CPU
		{47E8BE66-9662-4D6A-9723-860CEEF0888B}.Debug|ARM.ActiveCfg = Debug|Any CPU
		{47E8BE66-9662-4D6A-9723-860CEEF0888B}.Debug|ARM.Build.0 = Debug|Any CPU
		{47E8BE66-9662-4D6A-9723-860CEEF0888B}.Debug|ARM.Deploy.0 = Debug|Any CPU
		{47E8BE66-9662-4D6A-9723-860CEEF0888B}.Debug|iPhone.ActiveCfg = Debug|Any CPU
		{47E8BE66-9662-4D6A-9723-860CEEF0888B}.Debug|iPhone.Build.0 = Debug|Any CPU
		{47E8BE66-9662-4D6A-9723-860CEEF0888B}.Debug|iPhone.Deploy.0 = Debug|Any CPU
		{47E8BE66-9662-4D6A-9723-860CEEF0888B}.Debug|iPhoneSimulator.ActiveCfg = Debug|Any CPU
		{47E8BE66-9662-4D6A-9723-860CEEF0888B}.Debug|iPhoneSimulator.Build.0 = Debug|Any CPU
		{47E8BE66-9662-4D6A-9723-860CEEF0888B}.Debug|iPhoneSimulator.Deploy.0 = Debug|Any CPU
		{47E8BE66-9662-4D6A-9723-860CEEF0888B}.Debug|x64.ActiveCfg = Debug|Any CPU
		{47E8BE66-9662-4D6A-9723-860CEEF0888B}.Debug|x64.Build.0 = Debug|Any CPU
		{47E8BE66-9662-4D6A-9723-860CEEF0888B}.Debug|x64.Deploy.0 = Debug|Any CPU
		{47E8BE66-9662-4D6A-9723-860CEEF0888B}.Debug|x86.ActiveCfg = Debug|Any CPU
		{47E8BE66-9662-4D6A-9723-860CEEF0888B}.Debug|x86.Build.0 = Debug|Any CPU
		{47E8BE66-9662-4D6A-9723-860CEEF0888B}.Debug|x86.Deploy.0 = Debug|Any CPU
		{47E8BE66-9662-4D6A-9723-860CEEF0888B}.Release|Any CPU.ActiveCfg = Release|Any CPU
		{47E8BE66-9662-4D6A-9723-860CEEF0888B}.Release|Any CPU.Build.0 = Release|Any CPU
		{47E8BE66-9662-4D6A-9723-860CEEF0888B}.Release|Any CPU.Deploy.0 = Release|Any CPU
		{47E8BE66-9662-4D6A-9723-860CEEF0888B}.Release|ARM.ActiveCfg = Release|Any CPU
		{47E8BE66-9662-4D6A-9723-860CEEF0888B}.Release|ARM.Build.0 = Release|Any CPU
		{47E8BE66-9662-4D6A-9723-860CEEF0888B}.Release|ARM.Deploy.0 = Release|Any CPU
		{47E8BE66-9662-4D6A-9723-860CEEF0888B}.Release|iPhone.ActiveCfg = Release|Any CPU
		{47E8BE66-9662-4D6A-9723-860CEEF0888B}.Release|iPhone.Build.0 = Release|Any CPU
		{47E8BE66-9662-4D6A-9723-860CEEF0888B}.Release|iPhone.Deploy.0 = Release|Any CPU
		{47E8BE66-9662-4D6A-9723-860CEEF0888B}.Release|iPhoneSimulator.ActiveCfg = Release|Any CPU
		{47E8BE66-9662-4D6A-9723-860CEEF0888B}.Release|iPhoneSimulator.Build.0 = Release|Any CPU
		{47E8BE66-9662-4D6A-9723-860CEEF0888B}.Release|iPhoneSimulator.Deploy.0 = Release|Any CPU
		{47E8BE66-9662-4D6A-9723-860CEEF0888B}.Release|x64.ActiveCfg = Release|Any CPU
		{47E8BE66-9662-4D6A-9723-860CEEF0888B}.Release|x64.Build.0 = Release|Any CPU
		{47E8BE66-9662-4D6A-9723-860CEEF0888B}.Release|x64.Deploy.0 = Release|Any CPU
		{47E8BE66-9662-4D6A-9723-860CEEF0888B}.Release|x86.ActiveCfg = Release|Any CPU
		{47E8BE66-9662-4D6A-9723-860CEEF0888B}.Release|x86.Build.0 = Release|Any CPU
		{47E8BE66-9662-4D6A-9723-860CEEF0888B}.Release|x86.Deploy.0 = Release|Any CPU
		{FEFB9C9E-E750-46D6-A626-00159AEB6574}.Ad-Hoc|Any CPU.ActiveCfg = Ad-Hoc|iPhone
		{FEFB9C9E-E750-46D6-A626-00159AEB6574}.Ad-Hoc|Any CPU.Build.0 = Ad-Hoc|iPhone
		{FEFB9C9E-E750-46D6-A626-00159AEB6574}.Ad-Hoc|Any CPU.Deploy.0 = Ad-Hoc|iPhone
		{FEFB9C9E-E750-46D6-A626-00159AEB6574}.Ad-Hoc|ARM.ActiveCfg = Ad-Hoc|iPhone
		{FEFB9C9E-E750-46D6-A626-00159AEB6574}.Ad-Hoc|ARM.Build.0 = Ad-Hoc|iPhone
		{FEFB9C9E-E750-46D6-A626-00159AEB6574}.Ad-Hoc|ARM.Deploy.0 = Ad-Hoc|iPhone
		{FEFB9C9E-E750-46D6-A626-00159AEB6574}.Ad-Hoc|iPhone.ActiveCfg = Ad-Hoc|iPhone
		{FEFB9C9E-E750-46D6-A626-00159AEB6574}.Ad-Hoc|iPhone.Build.0 = Ad-Hoc|iPhone
		{FEFB9C9E-E750-46D6-A626-00159AEB6574}.Ad-Hoc|iPhone.Deploy.0 = Ad-Hoc|iPhone
		{FEFB9C9E-E750-46D6-A626-00159AEB6574}.Ad-Hoc|iPhoneSimulator.ActiveCfg = Ad-Hoc|iPhoneSimulator
		{FEFB9C9E-E750-46D6-A626-00159AEB6574}.Ad-Hoc|iPhoneSimulator.Build.0 = Ad-Hoc|iPhoneSimulator
		{FEFB9C9E-E750-46D6-A626-00159AEB6574}.Ad-Hoc|iPhoneSimulator.Deploy.0 = Ad-Hoc|iPhoneSimulator
		{FEFB9C9E-E750-46D6-A626-00159AEB6574}.Ad-Hoc|x64.ActiveCfg = Ad-Hoc|iPhone
		{FEFB9C9E-E750-46D6-A626-00159AEB6574}.Ad-Hoc|x64.Build.0 = Ad-Hoc|iPhone
		{FEFB9C9E-E750-46D6-A626-00159AEB6574}.Ad-Hoc|x64.Deploy.0 = Ad-Hoc|iPhone
		{FEFB9C9E-E750-46D6-A626-00159AEB6574}.Ad-Hoc|x86.ActiveCfg = Ad-Hoc|iPhone
		{FEFB9C9E-E750-46D6-A626-00159AEB6574}.Ad-Hoc|x86.Build.0 = Ad-Hoc|iPhone
		{FEFB9C9E-E750-46D6-A626-00159AEB6574}.Ad-Hoc|x86.Deploy.0 = Ad-Hoc|iPhone
		{FEFB9C9E-E750-46D6-A626-00159AEB6574}.AppStore|Any CPU.ActiveCfg = AppStore|iPhone
		{FEFB9C9E-E750-46D6-A626-00159AEB6574}.AppStore|Any CPU.Build.0 = AppStore|iPhone
		{FEFB9C9E-E750-46D6-A626-00159AEB6574}.AppStore|Any CPU.Deploy.0 = AppStore|iPhone
		{FEFB9C9E-E750-46D6-A626-00159AEB6574}.AppStore|ARM.ActiveCfg = AppStore|iPhone
		{FEFB9C9E-E750-46D6-A626-00159AEB6574}.AppStore|ARM.Build.0 = AppStore|iPhone
		{FEFB9C9E-E750-46D6-A626-00159AEB6574}.AppStore|ARM.Deploy.0 = AppStore|iPhone
		{FEFB9C9E-E750-46D6-A626-00159AEB6574}.AppStore|iPhone.ActiveCfg = AppStore|iPhone
		{FEFB9C9E-E750-46D6-A626-00159AEB6574}.AppStore|iPhone.Build.0 = AppStore|iPhone
		{FEFB9C9E-E750-46D6-A626-00159AEB6574}.AppStore|iPhone.Deploy.0 = AppStore|iPhone
		{FEFB9C9E-E750-46D6-A626-00159AEB6574}.AppStore|iPhoneSimulator.ActiveCfg = AppStore|iPhoneSimulator
		{FEFB9C9E-E750-46D6-A626-00159AEB6574}.AppStore|iPhoneSimulator.Build.0 = AppStore|iPhoneSimulator
		{FEFB9C9E-E750-46D6-A626-00159AEB6574}.AppStore|iPhoneSimulator.Deploy.0 = AppStore|iPhoneSimulator
		{FEFB9C9E-E750-46D6-A626-00159AEB6574}.AppStore|x64.ActiveCfg = AppStore|iPhone
		{FEFB9C9E-E750-46D6-A626-00159AEB6574}.AppStore|x64.Build.0 = AppStore|iPhone
		{FEFB9C9E-E750-46D6-A626-00159AEB6574}.AppStore|x64.Deploy.0 = AppStore|iPhone
		{FEFB9C9E-E750-46D6-A626-00159AEB6574}.AppStore|x86.ActiveCfg = AppStore|iPhone
		{FEFB9C9E-E750-46D6-A626-00159AEB6574}.AppStore|x86.Build.0 = AppStore|iPhone
		{FEFB9C9E-E750-46D6-A626-00159AEB6574}.AppStore|x86.Deploy.0 = AppStore|iPhone
		{FEFB9C9E-E750-46D6-A626-00159AEB6574}.Debug|Any CPU.ActiveCfg = Debug|iPhoneSimulator
		{FEFB9C9E-E750-46D6-A626-00159AEB6574}.Debug|Any CPU.Deploy.0 = Debug|iPhoneSimulator
		{FEFB9C9E-E750-46D6-A626-00159AEB6574}.Debug|ARM.ActiveCfg = Debug|iPhone
		{FEFB9C9E-E750-46D6-A626-00159AEB6574}.Debug|ARM.Build.0 = Debug|iPhone
		{FEFB9C9E-E750-46D6-A626-00159AEB6574}.Debug|ARM.Deploy.0 = Debug|iPhone
		{FEFB9C9E-E750-46D6-A626-00159AEB6574}.Debug|iPhone.ActiveCfg = Debug|iPhone
		{FEFB9C9E-E750-46D6-A626-00159AEB6574}.Debug|iPhone.Build.0 = Debug|iPhone
		{FEFB9C9E-E750-46D6-A626-00159AEB6574}.Debug|iPhone.Deploy.0 = Debug|iPhone
		{FEFB9C9E-E750-46D6-A626-00159AEB6574}.Debug|iPhoneSimulator.ActiveCfg = Debug|iPhoneSimulator
		{FEFB9C9E-E750-46D6-A626-00159AEB6574}.Debug|iPhoneSimulator.Build.0 = Debug|iPhoneSimulator
		{FEFB9C9E-E750-46D6-A626-00159AEB6574}.Debug|iPhoneSimulator.Deploy.0 = Debug|iPhoneSimulator
		{FEFB9C9E-E750-46D6-A626-00159AEB6574}.Debug|x64.ActiveCfg = Debug|iPhone
		{FEFB9C9E-E750-46D6-A626-00159AEB6574}.Debug|x64.Build.0 = Debug|iPhone
		{FEFB9C9E-E750-46D6-A626-00159AEB6574}.Debug|x64.Deploy.0 = Debug|iPhone
		{FEFB9C9E-E750-46D6-A626-00159AEB6574}.Debug|x86.ActiveCfg = Debug|iPhone
		{FEFB9C9E-E750-46D6-A626-00159AEB6574}.Debug|x86.Build.0 = Debug|iPhone
		{FEFB9C9E-E750-46D6-A626-00159AEB6574}.Debug|x86.Deploy.0 = Debug|iPhone
		{FEFB9C9E-E750-46D6-A626-00159AEB6574}.Release|Any CPU.ActiveCfg = Release|iPhone
		{FEFB9C9E-E750-46D6-A626-00159AEB6574}.Release|Any CPU.Build.0 = Release|iPhone
		{FEFB9C9E-E750-46D6-A626-00159AEB6574}.Release|Any CPU.Deploy.0 = Release|iPhone
		{FEFB9C9E-E750-46D6-A626-00159AEB6574}.Release|ARM.ActiveCfg = Release|iPhone
		{FEFB9C9E-E750-46D6-A626-00159AEB6574}.Release|ARM.Build.0 = Release|iPhone
		{FEFB9C9E-E750-46D6-A626-00159AEB6574}.Release|ARM.Deploy.0 = Release|iPhone
		{FEFB9C9E-E750-46D6-A626-00159AEB6574}.Release|iPhone.ActiveCfg = Release|iPhone
		{FEFB9C9E-E750-46D6-A626-00159AEB6574}.Release|iPhone.Build.0 = Release|iPhone
		{FEFB9C9E-E750-46D6-A626-00159AEB6574}.Release|iPhone.Deploy.0 = Release|iPhone
		{FEFB9C9E-E750-46D6-A626-00159AEB6574}.Release|iPhoneSimulator.ActiveCfg = Release|iPhoneSimulator
		{FEFB9C9E-E750-46D6-A626-00159AEB6574}.Release|iPhoneSimulator.Build.0 = Release|iPhoneSimulator
		{FEFB9C9E-E750-46D6-A626-00159AEB6574}.Release|iPhoneSimulator.Deploy.0 = Release|iPhoneSimulator
		{FEFB9C9E-E750-46D6-A626-00159AEB6574}.Release|x64.ActiveCfg = Release|iPhone
		{FEFB9C9E-E750-46D6-A626-00159AEB6574}.Release|x64.Build.0 = Release|iPhone
		{FEFB9C9E-E750-46D6-A626-00159AEB6574}.Release|x64.Deploy.0 = Release|iPhone
		{FEFB9C9E-E750-46D6-A626-00159AEB6574}.Release|x86.ActiveCfg = Release|iPhone
		{FEFB9C9E-E750-46D6-A626-00159AEB6574}.Release|x86.Build.0 = Release|iPhone
		{FEFB9C9E-E750-46D6-A626-00159AEB6574}.Release|x86.Deploy.0 = Release|iPhone
		{353BC015-340D-4707-8A4A-FEC97D065571}.Ad-Hoc|Any CPU.ActiveCfg = Release|x86
		{353BC015-340D-4707-8A4A-FEC97D065571}.Ad-Hoc|Any CPU.Build.0 = Release|x86
		{353BC015-340D-4707-8A4A-FEC97D065571}.Ad-Hoc|Any CPU.Deploy.0 = Release|x86
		{353BC015-340D-4707-8A4A-FEC97D065571}.Ad-Hoc|ARM.ActiveCfg = Release|ARM
		{353BC015-340D-4707-8A4A-FEC97D065571}.Ad-Hoc|ARM.Build.0 = Release|ARM
		{353BC015-340D-4707-8A4A-FEC97D065571}.Ad-Hoc|ARM.Deploy.0 = Release|ARM
		{353BC015-340D-4707-8A4A-FEC97D065571}.Ad-Hoc|iPhone.ActiveCfg = Release|x86
		{353BC015-340D-4707-8A4A-FEC97D065571}.Ad-Hoc|iPhone.Build.0 = Release|x86
		{353BC015-340D-4707-8A4A-FEC97D065571}.Ad-Hoc|iPhone.Deploy.0 = Release|x86
		{353BC015-340D-4707-8A4A-FEC97D065571}.Ad-Hoc|iPhoneSimulator.ActiveCfg = Release|x86
		{353BC015-340D-4707-8A4A-FEC97D065571}.Ad-Hoc|iPhoneSimulator.Build.0 = Release|x86
		{353BC015-340D-4707-8A4A-FEC97D065571}.Ad-Hoc|iPhoneSimulator.Deploy.0 = Release|x86
		{353BC015-340D-4707-8A4A-FEC97D065571}.Ad-Hoc|x64.ActiveCfg = Release|x64
		{353BC015-340D-4707-8A4A-FEC97D065571}.Ad-Hoc|x64.Build.0 = Release|x64
		{353BC015-340D-4707-8A4A-FEC97D065571}.Ad-Hoc|x64.Deploy.0 = Release|x64
		{353BC015-340D-4707-8A4A-FEC97D065571}.Ad-Hoc|x86.ActiveCfg = Release|x86
		{353BC015-340D-4707-8A4A-FEC97D065571}.Ad-Hoc|x86.Build.0 = Release|x86
		{353BC015-340D-4707-8A4A-FEC97D065571}.Ad-Hoc|x86.Deploy.0 = Release|x86
		{353BC015-340D-4707-8A4A-FEC97D065571}.AppStore|Any CPU.ActiveCfg = Release|x86
		{353BC015-340D-4707-8A4A-FEC97D065571}.AppStore|Any CPU.Build.0 = Release|x86
		{353BC015-340D-4707-8A4A-FEC97D065571}.AppStore|Any CPU.Deploy.0 = Release|x86
		{353BC015-340D-4707-8A4A-FEC97D065571}.AppStore|ARM.ActiveCfg = Release|ARM
		{353BC015-340D-4707-8A4A-FEC97D065571}.AppStore|ARM.Build.0 = Release|ARM
		{353BC015-340D-4707-8A4A-FEC97D065571}.AppStore|ARM.Deploy.0 = Release|ARM
		{353BC015-340D-4707-8A4A-FEC97D065571}.AppStore|iPhone.ActiveCfg = Release|x86
		{353BC015-340D-4707-8A4A-FEC97D065571}.AppStore|iPhone.Build.0 = Release|x86
		{353BC015-340D-4707-8A4A-FEC97D065571}.AppStore|iPhone.Deploy.0 = Release|x86
		{353BC015-340D-4707-8A4A-FEC97D065571}.AppStore|iPhoneSimulator.ActiveCfg = Release|x86
		{353BC015-340D-4707-8A4A-FEC97D065571}.AppStore|iPhoneSimulator.Build.0 = Release|x86
		{353BC015-340D-4707-8A4A-FEC97D065571}.AppStore|iPhoneSimulator.Deploy.0 = Release|x86
		{353BC015-340D-4707-8A4A-FEC97D065571}.AppStore|x64.ActiveCfg = Release|x64
		{353BC015-340D-4707-8A4A-FEC97D065571}.AppStore|x64.Build.0 = Release|x64
		{353BC015-340D-4707-8A4A-FEC97D065571}.AppStore|x64.Deploy.0 = Release|x64
		{353BC015-340D-4707-8A4A-FEC97D065571}.AppStore|x86.ActiveCfg = Release|x86
		{353BC015-340D-4707-8A4A-FEC97D065571}.AppStore|x86.Build.0 = Release|x86
		{353BC015-340D-4707-8A4A-FEC97D065571}.AppStore|x86.Deploy.0 = Release|x86
		{353BC015-340D-4707-8A4A-FEC97D065571}.Debug|Any CPU.ActiveCfg = Debug|x86
		{353BC015-340D-4707-8A4A-FEC97D065571}.Debug|ARM.ActiveCfg = Debug|ARM
		{353BC015-340D-4707-8A4A-FEC97D065571}.Debug|ARM.Build.0 = Debug|ARM
		{353BC015-340D-4707-8A4A-FEC97D065571}.Debug|ARM.Deploy.0 = Debug|ARM
		{353BC015-340D-4707-8A4A-FEC97D065571}.Debug|iPhone.ActiveCfg = Debug|x86
		{353BC015-340D-4707-8A4A-FEC97D065571}.Debug|iPhone.Build.0 = Debug|x86
		{353BC015-340D-4707-8A4A-FEC97D065571}.Debug|iPhone.Deploy.0 = Debug|x86
		{353BC015-340D-4707-8A4A-FEC97D065571}.Debug|iPhoneSimulator.ActiveCfg = Debug|x86
		{353BC015-340D-4707-8A4A-FEC97D065571}.Debug|iPhoneSimulator.Build.0 = Debug|x86
		{353BC015-340D-4707-8A4A-FEC97D065571}.Debug|iPhoneSimulator.Deploy.0 = Debug|x86
		{353BC015-340D-4707-8A4A-FEC97D065571}.Debug|x64.ActiveCfg = Debug|x64
		{353BC015-340D-4707-8A4A-FEC97D065571}.Debug|x64.Build.0 = Debug|x64
		{353BC015-340D-4707-8A4A-FEC97D065571}.Debug|x64.Deploy.0 = Debug|x64
		{353BC015-340D-4707-8A4A-FEC97D065571}.Debug|x86.ActiveCfg = Debug|x86
		{353BC015-340D-4707-8A4A-FEC97D065571}.Debug|x86.Build.0 = Debug|x86
		{353BC015-340D-4707-8A4A-FEC97D065571}.Debug|x86.Deploy.0 = Debug|x86
		{353BC015-340D-4707-8A4A-FEC97D065571}.Release|Any CPU.ActiveCfg = Release|x86
		{353BC015-340D-4707-8A4A-FEC97D065571}.Release|Any CPU.Build.0 = Release|x86
		{353BC015-340D-4707-8A4A-FEC97D065571}.Release|Any CPU.Deploy.0 = Release|x86
		{353BC015-340D-4707-8A4A-FEC97D065571}.Release|ARM.ActiveCfg = Release|ARM
		{353BC015-340D-4707-8A4A-FEC97D065571}.Release|ARM.Build.0 = Release|ARM
		{353BC015-340D-4707-8A4A-FEC97D065571}.Release|ARM.Deploy.0 = Release|ARM
		{353BC015-340D-4707-8A4A-FEC97D065571}.Release|iPhone.ActiveCfg = Release|x86
		{353BC015-340D-4707-8A4A-FEC97D065571}.Release|iPhone.Build.0 = Release|x86
		{353BC015-340D-4707-8A4A-FEC97D065571}.Release|iPhone.Deploy.0 = Release|x86
		{353BC015-340D-4707-8A4A-FEC97D065571}.Release|iPhoneSimulator.ActiveCfg = Release|x86
		{353BC015-340D-4707-8A4A-FEC97D065571}.Release|iPhoneSimulator.Build.0 = Release|x86
		{353BC015-340D-4707-8A4A-FEC97D065571}.Release|iPhoneSimulator.Deploy.0 = Release|x86
		{353BC015-340D-4707-8A4A-FEC97D065571}.Release|x64.ActiveCfg = Release|x64
		{353BC015-340D-4707-8A4A-FEC97D065571}.Release|x64.Build.0 = Release|x64
		{353BC015-340D-4707-8A4A-FEC97D065571}.Release|x64.Deploy.0 = Release|x64
		{353BC015-340D-4707-8A4A-FEC97D065571}.Release|x86.ActiveCfg = Release|x86
		{353BC015-340D-4707-8A4A-FEC97D065571}.Release|x86.Build.0 = Release|x86
		{353BC015-340D-4707-8A4A-FEC97D065571}.Release|x86.Deploy.0 = Release|x86
		{23BA7477-D6E9-487C-90BD-174B1D3436EE}.Ad-Hoc|Any CPU.ActiveCfg = Debug|Any CPU
		{23BA7477-D6E9-487C-90BD-174B1D3436EE}.Ad-Hoc|Any CPU.Build.0 = Debug|Any CPU
		{23BA7477-D6E9-487C-90BD-174B1D3436EE}.Ad-Hoc|Any CPU.Deploy.0 = Debug|Any CPU
		{23BA7477-D6E9-487C-90BD-174B1D3436EE}.Ad-Hoc|ARM.ActiveCfg = Debug|Any CPU
		{23BA7477-D6E9-487C-90BD-174B1D3436EE}.Ad-Hoc|ARM.Build.0 = Debug|Any CPU
		{23BA7477-D6E9-487C-90BD-174B1D3436EE}.Ad-Hoc|ARM.Deploy.0 = Debug|Any CPU
		{23BA7477-D6E9-487C-90BD-174B1D3436EE}.Ad-Hoc|iPhone.ActiveCfg = Debug|Any CPU
		{23BA7477-D6E9-487C-90BD-174B1D3436EE}.Ad-Hoc|iPhone.Build.0 = Debug|Any CPU
		{23BA7477-D6E9-487C-90BD-174B1D3436EE}.Ad-Hoc|iPhone.Deploy.0 = Debug|Any CPU
		{23BA7477-D6E9-487C-90BD-174B1D3436EE}.Ad-Hoc|iPhoneSimulator.ActiveCfg = Debug|Any CPU
		{23BA7477-D6E9-487C-90BD-174B1D3436EE}.Ad-Hoc|iPhoneSimulator.Build.0 = Debug|Any CPU
		{23BA7477-D6E9-487C-90BD-174B1D3436EE}.Ad-Hoc|iPhoneSimulator.Deploy.0 = Debug|Any CPU
		{23BA7477-D6E9-487C-90BD-174B1D3436EE}.Ad-Hoc|x64.ActiveCfg = Debug|Any CPU
		{23BA7477-D6E9-487C-90BD-174B1D3436EE}.Ad-Hoc|x64.Build.0 = Debug|Any CPU
		{23BA7477-D6E9-487C-90BD-174B1D3436EE}.Ad-Hoc|x64.Deploy.0 = Debug|Any CPU
		{23BA7477-D6E9-487C-90BD-174B1D3436EE}.Ad-Hoc|x86.ActiveCfg = Debug|Any CPU
		{23BA7477-D6E9-487C-90BD-174B1D3436EE}.Ad-Hoc|x86.Build.0 = Debug|Any CPU
		{23BA7477-D6E9-487C-90BD-174B1D3436EE}.Ad-Hoc|x86.Deploy.0 = Debug|Any CPU
		{23BA7477-D6E9-487C-90BD-174B1D3436EE}.AppStore|Any CPU.ActiveCfg = Debug|Any CPU
		{23BA7477-D6E9-487C-90BD-174B1D3436EE}.AppStore|Any CPU.Build.0 = Debug|Any CPU
		{23BA7477-D6E9-487C-90BD-174B1D3436EE}.AppStore|Any CPU.Deploy.0 = Debug|Any CPU
		{23BA7477-D6E9-487C-90BD-174B1D3436EE}.AppStore|ARM.ActiveCfg = Debug|Any CPU
		{23BA7477-D6E9-487C-90BD-174B1D3436EE}.AppStore|ARM.Build.0 = Debug|Any CPU
		{23BA7477-D6E9-487C-90BD-174B1D3436EE}.AppStore|ARM.Deploy.0 = Debug|Any CPU
		{23BA7477-D6E9-487C-90BD-174B1D3436EE}.AppStore|iPhone.ActiveCfg = Debug|Any CPU
		{23BA7477-D6E9-487C-90BD-174B1D3436EE}.AppStore|iPhone.Build.0 = Debug|Any CPU
		{23BA7477-D6E9-487C-90BD-174B1D3436EE}.AppStore|iPhone.Deploy.0 = Debug|Any CPU
		{23BA7477-D6E9-487C-90BD-174B1D3436EE}.AppStore|iPhoneSimulator.ActiveCfg = Debug|Any CPU
		{23BA7477-D6E9-487C-90BD-174B1D3436EE}.AppStore|iPhoneSimulator.Build.0 = Debug|Any CPU
		{23BA7477-D6E9-487C-90BD-174B1D3436EE}.AppStore|iPhoneSimulator.Deploy.0 = Debug|Any CPU
		{23BA7477-D6E9-487C-90BD-174B1D3436EE}.AppStore|x64.ActiveCfg = Debug|Any CPU
		{23BA7477-D6E9-487C-90BD-174B1D3436EE}.AppStore|x64.Build.0 = Debug|Any CPU
		{23BA7477-D6E9-487C-90BD-174B1D3436EE}.AppStore|x64.Deploy.0 = Debug|Any CPU
		{23BA7477-D6E9-487C-90BD-174B1D3436EE}.AppStore|x86.ActiveCfg = Debug|Any CPU
		{23BA7477-D6E9-487C-90BD-174B1D3436EE}.AppStore|x86.Build.0 = Debug|Any CPU
		{23BA7477-D6E9-487C-90BD-174B1D3436EE}.AppStore|x86.Deploy.0 = Debug|Any CPU
		{23BA7477-D6E9-487C-90BD-174B1D3436EE}.Debug|Any CPU.ActiveCfg = Debug|Any CPU
		{23BA7477-D6E9-487C-90BD-174B1D3436EE}.Debug|Any CPU.Build.0 = Debug|Any CPU
		{23BA7477-D6E9-487C-90BD-174B1D3436EE}.Debug|Any CPU.Deploy.0 = Debug|Any CPU
		{23BA7477-D6E9-487C-90BD-174B1D3436EE}.Debug|ARM.ActiveCfg = Debug|Any CPU
		{23BA7477-D6E9-487C-90BD-174B1D3436EE}.Debug|ARM.Build.0 = Debug|Any CPU
		{23BA7477-D6E9-487C-90BD-174B1D3436EE}.Debug|ARM.Deploy.0 = Debug|Any CPU
		{23BA7477-D6E9-487C-90BD-174B1D3436EE}.Debug|iPhone.ActiveCfg = Debug|Any CPU
		{23BA7477-D6E9-487C-90BD-174B1D3436EE}.Debug|iPhone.Build.0 = Debug|Any CPU
		{23BA7477-D6E9-487C-90BD-174B1D3436EE}.Debug|iPhone.Deploy.0 = Debug|Any CPU
		{23BA7477-D6E9-487C-90BD-174B1D3436EE}.Debug|iPhoneSimulator.ActiveCfg = Debug|Any CPU
		{23BA7477-D6E9-487C-90BD-174B1D3436EE}.Debug|iPhoneSimulator.Build.0 = Debug|Any CPU
		{23BA7477-D6E9-487C-90BD-174B1D3436EE}.Debug|iPhoneSimulator.Deploy.0 = Debug|Any CPU
		{23BA7477-D6E9-487C-90BD-174B1D3436EE}.Debug|x64.ActiveCfg = Debug|Any CPU
		{23BA7477-D6E9-487C-90BD-174B1D3436EE}.Debug|x64.Build.0 = Debug|Any CPU
		{23BA7477-D6E9-487C-90BD-174B1D3436EE}.Debug|x64.Deploy.0 = Debug|Any CPU
		{23BA7477-D6E9-487C-90BD-174B1D3436EE}.Debug|x86.ActiveCfg = Debug|Any CPU
		{23BA7477-D6E9-487C-90BD-174B1D3436EE}.Debug|x86.Build.0 = Debug|Any CPU
		{23BA7477-D6E9-487C-90BD-174B1D3436EE}.Debug|x86.Deploy.0 = Debug|Any CPU
		{23BA7477-D6E9-487C-90BD-174B1D3436EE}.Release|Any CPU.ActiveCfg = Release|Any CPU
		{23BA7477-D6E9-487C-90BD-174B1D3436EE}.Release|Any CPU.Build.0 = Release|Any CPU
		{23BA7477-D6E9-487C-90BD-174B1D3436EE}.Release|Any CPU.Deploy.0 = Release|Any CPU
		{23BA7477-D6E9-487C-90BD-174B1D3436EE}.Release|ARM.ActiveCfg = Release|Any CPU
		{23BA7477-D6E9-487C-90BD-174B1D3436EE}.Release|ARM.Build.0 = Release|Any CPU
		{23BA7477-D6E9-487C-90BD-174B1D3436EE}.Release|ARM.Deploy.0 = Release|Any CPU
		{23BA7477-D6E9-487C-90BD-174B1D3436EE}.Release|iPhone.ActiveCfg = Release|Any CPU
		{23BA7477-D6E9-487C-90BD-174B1D3436EE}.Release|iPhone.Build.0 = Release|Any CPU
		{23BA7477-D6E9-487C-90BD-174B1D3436EE}.Release|iPhone.Deploy.0 = Release|Any CPU
		{23BA7477-D6E9-487C-90BD-174B1D3436EE}.Release|iPhoneSimulator.ActiveCfg = Release|Any CPU
		{23BA7477-D6E9-487C-90BD-174B1D3436EE}.Release|iPhoneSimulator.Build.0 = Release|Any CPU
		{23BA7477-D6E9-487C-90BD-174B1D3436EE}.Release|iPhoneSimulator.Deploy.0 = Release|Any CPU
		{23BA7477-D6E9-487C-90BD-174B1D3436EE}.Release|x64.ActiveCfg = Release|Any CPU
		{23BA7477-D6E9-487C-90BD-174B1D3436EE}.Release|x64.Build.0 = Release|Any CPU
		{23BA7477-D6E9-487C-90BD-174B1D3436EE}.Release|x64.Deploy.0 = Release|Any CPU
		{23BA7477-D6E9-487C-90BD-174B1D3436EE}.Release|x86.ActiveCfg = Release|Any CPU
		{23BA7477-D6E9-487C-90BD-174B1D3436EE}.Release|x86.Build.0 = Release|Any CPU
		{23BA7477-D6E9-487C-90BD-174B1D3436EE}.Release|x86.Deploy.0 = Release|Any CPU
	EndGlobalSection
	GlobalSection(SolutionProperties) = preSolution
		HideSolutionNode = FALSE
	EndGlobalSection
	GlobalSection(ExtensibilityGlobals) = postSolution
		SolutionGuid = {226C0DA5-265D-4462-BBBD-5632C7861FC5}
	EndGlobalSection
EndGlobal
